
Microsoft Visual Studio Solution File, Format Version 12.00
# Visual Studio Version 17
VisualStudioVersion = 17.7.34031.279
MinimumVisualStudioVersion = 10.0.40219.1
Project("{FAE04EC0-301F-11D3-BF4B-00C04F79EFBC}") = "GestionAdherentsClub", "GestionAdherentsClub.csproj", "{77953E70-523E-4473-970F-F32C816D3085}"
EndProject
Global
	GlobalSection(SolutionConfigurationPlatforms) = preSolution
		Debug|Any CPU = Debug|Any CPU
		Release|Any CPU = Release|Any CPU
	EndGlobalSection
	GlobalSection(ProjectConfigurationPlatforms) = postSolution
		{77953E70-523E-4473-970F-F32C816D3085}.Debug|Any CPU.ActiveCfg = Debug|Any CPU
		{77953E70-523E-4473-970F-F32C816D3085}.Debug|Any CPU.Build.0 = Debug|Any CPU
		{77953E70-523E-4473-970F-F32C816D3085}.Release|Any CPU.ActiveCfg = Release|Any CPU
		{77953E70-523E-4473-970F-F32C816D3085}.Release|Any CPU.Build.0 = Release|Any CPU
	EndGlobalSection
	GlobalSection(SolutionProperties) = preSolution
		HideSolutionNode = FALSE
	EndGlobalSection
	GlobalSection(ExtensibilityGlobals) = postSolution
		SolutionGuid = {F7470288-E269-4A47-AAC7-8804E9774B84}
	EndGlobalSection
EndGlobal
